// !$*UTF8*$!
{
	archiveVersion = 1;
	classes = {
	};
	objectVersion = 56;
	objects = {

/* Begin PBXBuildFile section */
		1328C7BE2C5E3A7900C38052 /* DoItApp.swift in Sources */ = {isa = PBXBuildFile; fileRef = 1328C7BD2C5E3A7900C38052 /* DoItApp.swift */; };
		1328C7C02C5E3A7900C38052 /* MainView.swift in Sources */ = {isa = PBXBuildFile; fileRef = 1328C7BF2C5E3A7900C38052 /* MainView.swift */; };
		1328C7C22C5E3A7B00C38052 /* Assets.xcassets in Resources */ = {isa = PBXBuildFile; fileRef = 1328C7C12C5E3A7B00C38052 /* Assets.xcassets */; };
		1328C7C52C5E3A7B00C38052 /* Preview Assets.xcassets in Resources */ = {isa = PBXBuildFile; fileRef = 1328C7C42C5E3A7B00C38052 /* Preview Assets.xcassets */; };
		1328C7CD2C5E3B8A00C38052 /* FirebaseAuth in Frameworks */ = {isa = PBXBuildFile; productRef = 1328C7CC2C5E3B8A00C38052 /* FirebaseAuth */; };
		1328C7CF2C5E3B8A00C38052 /* FirebaseFirestore in Frameworks */ = {isa = PBXBuildFile; productRef = 1328C7CE2C5E3B8A00C38052 /* FirebaseFirestore */; };
		1328C7D12C5E3C6E00C38052 /* GoogleService-Info.plist in Resources */ = {isa = PBXBuildFile; fileRef = 1328C7D02C5E3C6E00C38052 /* GoogleService-Info.plist */; };
		1328C7D72C5E409100C38052 /* UserProfileView.swift in Sources */ = {isa = PBXBuildFile; fileRef = 1328C7D62C5E409100C38052 /* UserProfileView.swift */; };
		1328C7D92C5E40B400C38052 /* ListItemsView.swift in Sources */ = {isa = PBXBuildFile; fileRef = 1328C7D82C5E40B400C38052 /* ListItemsView.swift */; };
		1328C7DB2C5E41A400C38052 /* CreateItemView.swift in Sources */ = {isa = PBXBuildFile; fileRef = 1328C7DA2C5E41A400C38052 /* CreateItemView.swift */; };
		1328C7DD2C5E41AD00C38052 /* LoginView.swift in Sources */ = {isa = PBXBuildFile; fileRef = 1328C7DC2C5E41AD00C38052 /* LoginView.swift */; };
		1328C7DF2C5E41B600C38052 /* RegisterView.swift in Sources */ = {isa = PBXBuildFile; fileRef = 1328C7DE2C5E41B600C38052 /* RegisterView.swift */; };
		1328C7E12C5E41ED00C38052 /* ItemView.swift in Sources */ = {isa = PBXBuildFile; fileRef = 1328C7E02C5E41ED00C38052 /* ItemView.swift */; };
		139931CF2C627AD900B57A54 /* Persistence.swift in Sources */ = {isa = PBXBuildFile; fileRef = 139931CE2C627AD900B57A54 /* Persistence.swift */; };
		13C93ECF2C5E42610012146F /* User.swift in Sources */ = {isa = PBXBuildFile; fileRef = 13C93ECE2C5E42610012146F /* User.swift */; };
		13C93ED12C5E42740012146F /* TaskItem.swift in Sources */ = {isa = PBXBuildFile; fileRef = 13C93ED02C5E42740012146F /* TaskItem.swift */; };
		13C93ED32C5E42920012146F /* MainViewModel.swift in Sources */ = {isa = PBXBuildFile; fileRef = 13C93ED22C5E42920012146F /* MainViewModel.swift */; };
		13C93ED52C5E42B00012146F /* UserProfileViewModel.swift in Sources */ = {isa = PBXBuildFile; fileRef = 13C93ED42C5E42B00012146F /* UserProfileViewModel.swift */; };
		13C93ED72C5E43AE0012146F /* ListItemsViewModel.swift in Sources */ = {isa = PBXBuildFile; fileRef = 13C93ED62C5E43AE0012146F /* ListItemsViewModel.swift */; };
		13C93ED92C5E43B60012146F /* CreateItemViewModel.swift in Sources */ = {isa = PBXBuildFile; fileRef = 13C93ED82C5E43B60012146F /* CreateItemViewModel.swift */; };
		13C93EDB2C5E43C50012146F /* LoginViewModel.swift in Sources */ = {isa = PBXBuildFile; fileRef = 13C93EDA2C5E43C50012146F /* LoginViewModel.swift */; };
		13C93EDD2C5E43CC0012146F /* RegisterViewModel.swift in Sources */ = {isa = PBXBuildFile; fileRef = 13C93EDC2C5E43CC0012146F /* RegisterViewModel.swift */; };
		13C93EDF2C5E43D40012146F /* ItemViewModel.swift in Sources */ = {isa = PBXBuildFile; fileRef = 13C93EDE2C5E43D40012146F /* ItemViewModel.swift */; };
		13C93EE12C5E485A0012146F /* HeaderView.swift in Sources */ = {isa = PBXBuildFile; fileRef = 13C93EE02C5E485A0012146F /* HeaderView.swift */; };
		13C93EE32C5E4F120012146F /* CustomButton.swift in Sources */ = {isa = PBXBuildFile; fileRef = 13C93EE22C5E4F120012146F /* CustomButton.swift */; };
		13C93EE72C5E670E0012146F /* Constants.swift in Sources */ = {isa = PBXBuildFile; fileRef = 13C93EE62C5E670E0012146F /* Constants.swift */; };
/* End PBXBuildFile section */

/* Begin PBXFileReference section */
		1328C7BA2C5E3A7900C38052 /* DoIt.app */ = {isa = PBXFileReference; explicitFileType = wrapper.application; includeInIndex = 0; path = DoIt.app; sourceTree = BUILT_PRODUCTS_DIR; };
		1328C7BD2C5E3A7900C38052 /* DoItApp.swift */ = {isa = PBXFileReference; lastKnownFileType = sourcecode.swift; path = DoItApp.swift; sourceTree = "<group>"; };
		1328C7BF2C5E3A7900C38052 /* MainView.swift */ = {isa = PBXFileReference; lastKnownFileType = sourcecode.swift; path = MainView.swift; sourceTree = "<group>"; };
		1328C7C12C5E3A7B00C38052 /* Assets.xcassets */ = {isa = PBXFileReference; lastKnownFileType = folder.assetcatalog; path = Assets.xcassets; sourceTree = "<group>"; };
		1328C7C42C5E3A7B00C38052 /* Preview Assets.xcassets */ = {isa = PBXFileReference; lastKnownFileType = folder.assetcatalog; path = "Preview Assets.xcassets"; sourceTree = "<group>"; };
		1328C7D02C5E3C6E00C38052 /* GoogleService-Info.plist */ = {isa = PBXFileReference; fileEncoding = 4; lastKnownFileType = text.plist.xml; path = "GoogleService-Info.plist"; sourceTree = "<group>"; };
		1328C7D62C5E409100C38052 /* UserProfileView.swift */ = {isa = PBXFileReference; lastKnownFileType = sourcecode.swift; path = UserProfileView.swift; sourceTree = "<group>"; };
		1328C7D82C5E40B400C38052 /* ListItemsView.swift */ = {isa = PBXFileReference; lastKnownFileType = sourcecode.swift; path = ListItemsView.swift; sourceTree = "<group>"; };
		1328C7DA2C5E41A400C38052 /* CreateItemView.swift */ = {isa = PBXFileReference; lastKnownFileType = sourcecode.swift; path = CreateItemView.swift; sourceTree = "<group>"; };
		1328C7DC2C5E41AD00C38052 /* LoginView.swift */ = {isa = PBXFileReference; lastKnownFileType = sourcecode.swift; path = LoginView.swift; sourceTree = "<group>"; };
		1328C7DE2C5E41B600C38052 /* RegisterView.swift */ = {isa = PBXFileReference; lastKnownFileType = sourcecode.swift; path = RegisterView.swift; sourceTree = "<group>"; };
		1328C7E02C5E41ED00C38052 /* ItemView.swift */ = {isa = PBXFileReference; lastKnownFileType = sourcecode.swift; path = ItemView.swift; sourceTree = "<group>"; };
		139931CE2C627AD900B57A54 /* Persistence.swift */ = {isa = PBXFileReference; lastKnownFileType = sourcecode.swift; path = Persistence.swift; sourceTree = "<group>"; };
		13C93ECE2C5E42610012146F /* User.swift */ = {isa = PBXFileReference; lastKnownFileType = sourcecode.swift; path = User.swift; sourceTree = "<group>"; };
		13C93ED02C5E42740012146F /* TaskItem.swift */ = {isa = PBXFileReference; lastKnownFileType = sourcecode.swift; path = TaskItem.swift; sourceTree = "<group>"; };
		13C93ED22C5E42920012146F /* MainViewModel.swift */ = {isa = PBXFileReference; lastKnownFileType = sourcecode.swift; path = MainViewModel.swift; sourceTree = "<group>"; };
		13C93ED42C5E42B00012146F /* UserProfileViewModel.swift */ = {isa = PBXFileReference; lastKnownFileType = sourcecode.swift; path = UserProfileViewModel.swift; sourceTree = "<group>"; };
		13C93ED62C5E43AE0012146F /* ListItemsViewModel.swift */ = {isa = PBXFileReference; lastKnownFileType = sourcecode.swift; path = ListItemsViewModel.swift; sourceTree = "<group>"; };
		13C93ED82C5E43B60012146F /* CreateItemViewModel.swift */ = {isa = PBXFileReference; lastKnownFileType = sourcecode.swift; path = CreateItemViewModel.swift; sourceTree = "<group>"; };
		13C93EDA2C5E43C50012146F /* LoginViewModel.swift */ = {isa = PBXFileReference; lastKnownFileType = sourcecode.swift; path = LoginViewModel.swift; sourceTree = "<group>"; };
		13C93EDC2C5E43CC0012146F /* RegisterViewModel.swift */ = {isa = PBXFileReference; lastKnownFileType = sourcecode.swift; path = RegisterViewModel.swift; sourceTree = "<group>"; };
		13C93EDE2C5E43D40012146F /* ItemViewModel.swift */ = {isa = PBXFileReference; lastKnownFileType = sourcecode.swift; path = ItemViewModel.swift; sourceTree = "<group>"; };
		13C93EE02C5E485A0012146F /* HeaderView.swift */ = {isa = PBXFileReference; lastKnownFileType = sourcecode.swift; path = HeaderView.swift; sourceTree = "<group>"; };
		13C93EE22C5E4F120012146F /* CustomButton.swift */ = {isa = PBXFileReference; lastKnownFileType = sourcecode.swift; path = CustomButton.swift; sourceTree = "<group>"; };
		13C93EE62C5E670E0012146F /* Constants.swift */ = {isa = PBXFileReference; lastKnownFileType = sourcecode.swift; path = Constants.swift; sourceTree = "<group>"; };
/* End PBXFileReference section */

/* Begin PBXFrameworksBuildPhase section */
		1328C7B72C5E3A7900C38052 /* Frameworks */ = {
			isa = PBXFrameworksBuildPhase;
			buildActionMask = 2147483647;
			files = (
				1328C7CD2C5E3B8A00C38052 /* FirebaseAuth in Frameworks */,
				1328C7CF2C5E3B8A00C38052 /* FirebaseFirestore in Frameworks */,
			);
			runOnlyForDeploymentPostprocessing = 0;
		};
/* End PBXFrameworksBuildPhase section */

/* Begin PBXGroup section */
		1328C7B12C5E3A7900C38052 = {
			isa = PBXGroup;
			children = (
				1328C7BC2C5E3A7900C38052 /* DoIt */,
				1328C7BB2C5E3A7900C38052 /* Products */,
			);
			sourceTree = "<group>";
		};
		1328C7BB2C5E3A7900C38052 /* Products */ = {
			isa = PBXGroup;
			children = (
				1328C7BA2C5E3A7900C38052 /* DoIt.app */,
			);
			name = Products;
			sourceTree = "<group>";
		};
		1328C7BC2C5E3A7900C38052 /* DoIt */ = {
			isa = PBXGroup;
			children = (
				1328C7D52C5E3F8600C38052 /* Utilities */,
				1328C7D42C5E3F5A00C38052 /* Models */,
				1328C7D32C5E3F4F00C38052 /* ViewModels */,
				1328C7D22C5E3F4400C38052 /* Views */,
				1328C7C32C5E3A7B00C38052 /* Preview Content */,
			);
			path = DoIt;
			sourceTree = "<group>";
		};
		1328C7C32C5E3A7B00C38052 /* Preview Content */ = {
			isa = PBXGroup;
			children = (
				1328C7C42C5E3A7B00C38052 /* Preview Assets.xcassets */,
			);
			path = "Preview Content";
			sourceTree = "<group>";
		};
		1328C7D22C5E3F4400C38052 /* Views */ = {
			isa = PBXGroup;
			children = (
				1328C7BF2C5E3A7900C38052 /* MainView.swift */,
				1328C7D62C5E409100C38052 /* UserProfileView.swift */,
				1328C7D82C5E40B400C38052 /* ListItemsView.swift */,
				1328C7DA2C5E41A400C38052 /* CreateItemView.swift */,
				1328C7DC2C5E41AD00C38052 /* LoginView.swift */,
				1328C7DE2C5E41B600C38052 /* RegisterView.swift */,
				1328C7E02C5E41ED00C38052 /* ItemView.swift */,
				13C93EE02C5E485A0012146F /* HeaderView.swift */,
				13C93EE22C5E4F120012146F /* CustomButton.swift */,
			);
			path = Views;
			sourceTree = "<group>";
		};
		1328C7D32C5E3F4F00C38052 /* ViewModels */ = {
			isa = PBXGroup;
			children = (
				13C93ED22C5E42920012146F /* MainViewModel.swift */,
				13C93ED62C5E43AE0012146F /* ListItemsViewModel.swift */,
				13C93ED82C5E43B60012146F /* CreateItemViewModel.swift */,
				13C93EDA2C5E43C50012146F /* LoginViewModel.swift */,
				13C93EDC2C5E43CC0012146F /* RegisterViewModel.swift */,
				13C93EDE2C5E43D40012146F /* ItemViewModel.swift */,
				13C93ED42C5E42B00012146F /* UserProfileViewModel.swift */,
			);
			path = ViewModels;
			sourceTree = "<group>";
		};
		1328C7D42C5E3F5A00C38052 /* Models */ = {
			isa = PBXGroup;
			children = (
				13C93ECE2C5E42610012146F /* User.swift */,
				13C93ED02C5E42740012146F /* TaskItem.swift */,
			);
			path = Models;
			sourceTree = "<group>";
		};
		1328C7D52C5E3F8600C38052 /* Utilities */ = {
			isa = PBXGroup;
			children = (
				1328C7BD2C5E3A7900C38052 /* DoItApp.swift */,
				1328C7D02C5E3C6E00C38052 /* GoogleService-Info.plist */,
				1328C7C12C5E3A7B00C38052 /* Assets.xcassets */,
				13C93EE62C5E670E0012146F /* Constants.swift */,
				139931CE2C627AD900B57A54 /* Persistence.swift */,
			);
			path = Utilities;
			sourceTree = "<group>";
		};
/* End PBXGroup section */

/* Begin PBXNativeTarget section */
		1328C7B92C5E3A7900C38052 /* DoIt */ = {
			isa = PBXNativeTarget;
			buildConfigurationList = 1328C7C82C5E3A7B00C38052 /* Build configuration list for PBXNativeTarget "DoIt" */;
			buildPhases = (
				1328C7B62C5E3A7900C38052 /* Sources */,
				1328C7B72C5E3A7900C38052 /* Frameworks */,
				1328C7B82C5E3A7900C38052 /* Resources */,
			);
			buildRules = (
			);
			dependencies = (
			);
			name = DoIt;
			packageProductDependencies = (
				1328C7CC2C5E3B8A00C38052 /* FirebaseAuth */,
				1328C7CE2C5E3B8A00C38052 /* FirebaseFirestore */,
			);
			productName = DoIt;
			productReference = 1328C7BA2C5E3A7900C38052 /* DoIt.app */;
			productType = "com.apple.product-type.application";
		};
/* End PBXNativeTarget section */

/* Begin PBXProject section */
		1328C7B22C5E3A7900C38052 /* Project object */ = {
			isa = PBXProject;
			attributes = {
				BuildIndependentTargetsInParallel = 1;
				LastSwiftUpdateCheck = 1540;
				LastUpgradeCheck = 1540;
				TargetAttributes = {
					1328C7B92C5E3A7900C38052 = {
						CreatedOnToolsVersion = 15.4;
					};
				};
			};
			buildConfigurationList = 1328C7B52C5E3A7900C38052 /* Build configuration list for PBXProject "DoIt" */;
			compatibilityVersion = "Xcode 14.0";
			developmentRegion = en;
			hasScannedForEncodings = 0;
			knownRegions = (
				en,
				Base,
			);
			mainGroup = 1328C7B12C5E3A7900C38052;
			packageReferences = (
				1328C7CB2C5E3B8A00C38052 /* XCRemoteSwiftPackageReference "firebase-ios-sdk" */,
			);
			productRefGroup = 1328C7BB2C5E3A7900C38052 /* Products */;
			projectDirPath = "";
			projectRoot = "";
			targets = (
				1328C7B92C5E3A7900C38052 /* DoIt */,
			);
		};
/* End PBXProject section */

/* Begin PBXResourcesBuildPhase section */
		1328C7B82C5E3A7900C38052 /* Resources */ = {
			isa = PBXResourcesBuildPhase;
			buildActionMask = 2147483647;
			files = (
				1328C7C52C5E3A7B00C38052 /* Preview Assets.xcassets in Resources */,
				1328C7C22C5E3A7B00C38052 /* Assets.xcassets in Resources */,
				1328C7D12C5E3C6E00C38052 /* GoogleService-Info.plist in Resources */,
			);
			runOnlyForDeploymentPostprocessing = 0;
		};
/* End PBXResourcesBuildPhase section */

/* Begin PBXSourcesBuildPhase section */
		1328C7B62C5E3A7900C38052 /* Sources */ = {
			isa = PBXSourcesBuildPhase;
			buildActionMask = 2147483647;
			files = (
				1328C7DD2C5E41AD00C38052 /* LoginView.swift in Sources */,
				13C93EE32C5E4F120012146F /* CustomButton.swift in Sources */,
				13C93EE12C5E485A0012146F /* HeaderView.swift in Sources */,
				139931CF2C627AD900B57A54 /* Persistence.swift in Sources */,
				1328C7C02C5E3A7900C38052 /* MainView.swift in Sources */,
				13C93EDF2C5E43D40012146F /* ItemViewModel.swift in Sources */,
				13C93ED32C5E42920012146F /* MainViewModel.swift in Sources */,
				13C93EDD2C5E43CC0012146F /* RegisterViewModel.swift in Sources */,
				13C93ED92C5E43B60012146F /* CreateItemViewModel.swift in Sources */,
				13C93ED12C5E42740012146F /* TaskItem.swift in Sources */,
				1328C7DB2C5E41A400C38052 /* CreateItemView.swift in Sources */,
				13C93ED52C5E42B00012146F /* UserProfileViewModel.swift in Sources */,
				1328C7E12C5E41ED00C38052 /* ItemView.swift in Sources */,
				13C93EDB2C5E43C50012146F /* LoginViewModel.swift in Sources */,
				13C93ED72C5E43AE0012146F /* ListItemsViewModel.swift in Sources */,
				1328C7DF2C5E41B600C38052 /* RegisterView.swift in Sources */,
				13C93EE72C5E670E0012146F /* Constants.swift in Sources */,
				13C93ECF2C5E42610012146F /* User.swift in Sources */,
				1328C7D72C5E409100C38052 /* UserProfileView.swift in Sources */,
				1328C7BE2C5E3A7900C38052 /* DoItApp.swift in Sources */,
				1328C7D92C5E40B400C38052 /* ListItemsView.swift in Sources */,
			);
			runOnlyForDeploymentPostprocessing = 0;
		};
/* End PBXSourcesBuildPhase section */

/* Begin XCBuildConfiguration section */
		1328C7C62C5E3A7B00C38052 /* Debug */ = {
			isa = XCBuildConfiguration;
			buildSettings = {
				ALWAYS_SEARCH_USER_PATHS = NO;
				ASSETCATALOG_COMPILER_GENERATE_SWIFT_ASSET_SYMBOL_EXTENSIONS = YES;
				CLANG_ANALYZER_NONNULL = YES;
				CLANG_ANALYZER_NUMBER_OBJECT_CONVERSION = YES_AGGRESSIVE;
				CLANG_CXX_LANGUAGE_STANDARD = "gnu++20";
				CLANG_ENABLE_MODULES = YES;
				CLANG_ENABLE_OBJC_ARC = YES;
				CLANG_ENABLE_OBJC_WEAK = YES;
				CLANG_WARN_BLOCK_CAPTURE_AUTORELEASING = YES;
				CLANG_WARN_BOOL_CONVERSION = YES;
				CLANG_WARN_COMMA = YES;
				CLANG_WARN_CONSTANT_CONVERSION = YES;
				CLANG_WARN_DEPRECATED_OBJC_IMPLEMENTATIONS = YES;
				CLANG_WARN_DIRECT_OBJC_ISA_USAGE = YES_ERROR;
				CLANG_WARN_DOCUMENTATION_COMMENTS = YES;
				CLANG_WARN_EMPTY_BODY = YES;
				CLANG_WARN_ENUM_CONVERSION = YES;
				CLANG_WARN_INFINITE_RECURSION = YES;
				CLANG_WARN_INT_CONVERSION = YES;
				CLANG_WARN_NON_LITERAL_NULL_CONVERSION = YES;
				CLANG_WARN_OBJC_IMPLICIT_RETAIN_SELF = YES;
				CLANG_WARN_OBJC_LITERAL_CONVERSION = YES;
				CLANG_WARN_OBJC_ROOT_CLASS = YES_ERROR;
				CLANG_WARN_QUOTED_INCLUDE_IN_FRAMEWORK_HEADER = YES;
				CLANG_WARN_RANGE_LOOP_ANALYSIS = YES;
				CLANG_WARN_STRICT_PROTOTYPES = YES;
				CLANG_WARN_SUSPICIOUS_MOVE = YES;
				CLANG_WARN_UNGUARDED_AVAILABILITY = YES_AGGRESSIVE;
				CLANG_WARN_UNREACHABLE_CODE = YES;
				CLANG_WARN__DUPLICATE_METHOD_MATCH = YES;
				COPY_PHASE_STRIP = NO;
				DEBUG_INFORMATION_FORMAT = dwarf;
				ENABLE_STRICT_OBJC_MSGSEND = YES;
				ENABLE_TESTABILITY = YES;
				ENABLE_USER_SCRIPT_SANDBOXING = YES;
				GCC_C_LANGUAGE_STANDARD = gnu17;
				GCC_DYNAMIC_NO_PIC = NO;
				GCC_NO_COMMON_BLOCKS = YES;
				GCC_OPTIMIZATION_LEVEL = 0;
				GCC_PREPROCESSOR_DEFINITIONS = (
					"DEBUG=1",
					"$(inherited)",
				);
				GCC_WARN_64_TO_32_BIT_CONVERSION = YES;
				GCC_WARN_ABOUT_RETURN_TYPE = YES_ERROR;
				GCC_WARN_UNDECLARED_SELECTOR = YES;
				GCC_WARN_UNINITIALIZED_AUTOS = YES_AGGRESSIVE;
				GCC_WARN_UNUSED_FUNCTION = YES;
				GCC_WARN_UNUSED_VARIABLE = YES;
				IPHONEOS_DEPLOYMENT_TARGET = 17.5;
				LOCALIZATION_PREFERS_STRING_CATALOGS = YES;
				MTL_ENABLE_DEBUG_INFO = INCLUDE_SOURCE;
				MTL_FAST_MATH = YES;
				ONLY_ACTIVE_ARCH = YES;
				SDKROOT = iphoneos;
				SWIFT_ACTIVE_COMPILATION_CONDITIONS = "DEBUG $(inherited)";
				SWIFT_OPTIMIZATION_LEVEL = "-Onone";
			};
			name = Debug;
		};
		1328C7C72C5E3A7B00C38052 /* Release */ = {
			isa = XCBuildConfiguration;
			buildSettings = {
				ALWAYS_SEARCH_USER_PATHS = NO;
				ASSETCATALOG_COMPILER_GENERATE_SWIFT_ASSET_SYMBOL_EXTENSIONS = YES;
				CLANG_ANALYZER_NONNULL = YES;
				CLANG_ANALYZER_NUMBER_OBJECT_CONVERSION = YES_AGGRESSIVE;
				CLANG_CXX_LANGUAGE_STANDARD = "gnu++20";
				CLANG_ENABLE_MODULES = YES;
				CLANG_ENABLE_OBJC_ARC = YES;
				CLANG_ENABLE_OBJC_WEAK = YES;
				CLANG_WARN_BLOCK_CAPTURE_AUTORELEASING = YES;
				CLANG_WARN_BOOL_CONVERSION = YES;
				CLANG_WARN_COMMA = YES;
				CLANG_WARN_CONSTANT_CONVERSION = YES;
				CLANG_WARN_DEPRECATED_OBJC_IMPLEMENTATIONS = YES;
				CLANG_WARN_DIRECT_OBJC_ISA_USAGE = YES_ERROR;
				CLANG_WARN_DOCUMENTATION_COMMENTS = YES;
				CLANG_WARN_EMPTY_BODY = YES;
				CLANG_WARN_ENUM_CONVERSION = YES;
				CLANG_WARN_INFINITE_RECURSION = YES;
				CLANG_WARN_INT_CONVERSION = YES;
				CLANG_WARN_NON_LITERAL_NULL_CONVERSION = YES;
				CLANG_WARN_OBJC_IMPLICIT_RETAIN_SELF = YES;
				CLANG_WARN_OBJC_LITERAL_CONVERSION = YES;
				CLANG_WARN_OBJC_ROOT_CLASS = YES_ERROR;
				CLANG_WARN_QUOTED_INCLUDE_IN_FRAMEWORK_HEADER = YES;
				CLANG_WARN_RANGE_LOOP_ANALYSIS = YES;
				CLANG_WARN_STRICT_PROTOTYPES = YES;
				CLANG_WARN_SUSPICIOUS_MOVE = YES;
				CLANG_WARN_UNGUARDED_AVAILABILITY = YES_AGGRESSIVE;
				CLANG_WARN_UNREACHABLE_CODE = YES;
				CLANG_WARN__DUPLICATE_METHOD_MATCH = YES;
				COPY_PHASE_STRIP = NO;
				DEBUG_INFORMATION_FORMAT = "dwarf-with-dsym";
				ENABLE_NS_ASSERTIONS = NO;
				ENABLE_STRICT_OBJC_MSGSEND = YES;
				ENABLE_USER_SCRIPT_SANDBOXING = YES;
				GCC_C_LANGUAGE_STANDARD = gnu17;
				GCC_NO_COMMON_BLOCKS = YES;
				GCC_WARN_64_TO_32_BIT_CONVERSION = YES;
				GCC_WARN_ABOUT_RETURN_TYPE = YES_ERROR;
				GCC_WARN_UNDECLARED_SELECTOR = YES;
				GCC_WARN_UNINITIALIZED_AUTOS = YES_AGGRESSIVE;
				GCC_WARN_UNUSED_FUNCTION = YES;
				GCC_WARN_UNUSED_VARIABLE = YES;
				IPHONEOS_DEPLOYMENT_TARGET = 17.5;
				LOCALIZATION_PREFERS_STRING_CATALOGS = YES;
				MTL_ENABLE_DEBUG_INFO = NO;
				MTL_FAST_MATH = YES;
				SDKROOT = iphoneos;
				SWIFT_COMPILATION_MODE = wholemodule;
				VALIDATE_PRODUCT = YES;
			};
			name = Release;
		};
		1328C7C92C5E3A7B00C38052 /* Debug */ = {
			isa = XCBuildConfiguration;
			buildSettings = {
				ASSETCATALOG_COMPILER_APPICON_NAME = AppIcon;
				ASSETCATALOG_COMPILER_GLOBAL_ACCENT_COLOR_NAME = AccentColor;
				CODE_SIGN_STYLE = Automatic;
				CURRENT_PROJECT_VERSION = 1;
				DEVELOPMENT_ASSET_PATHS = "\"DoIt/Preview Content\"";
				DEVELOPMENT_TEAM = Z7G8SGG9FZ;
				ENABLE_PREVIEWS = YES;
				GENERATE_INFOPLIST_FILE = YES;
				INFOPLIST_KEY_CFBundleDisplayName = "Do It";
				INFOPLIST_KEY_UIApplicationSceneManifest_Generation = YES;
				INFOPLIST_KEY_UIApplicationSupportsIndirectInputEvents = YES;
				INFOPLIST_KEY_UILaunchScreen_Generation = YES;
				INFOPLIST_KEY_UISupportedInterfaceOrientations = UIInterfaceOrientationPortrait;
				LD_RUNPATH_SEARCH_PATHS = (
					"$(inherited)",
					"@executable_path/Frameworks",
				);
				MARKETING_VERSION = 1.0;
				PRODUCT_BUNDLE_IDENTIFIER = bearyCode.DoIt;
				PRODUCT_NAME = "$(TARGET_NAME)";
				SWIFT_EMIT_LOC_STRINGS = YES;
				SWIFT_VERSION = 5.0;
				TARGETED_DEVICE_FAMILY = "1,2";
			};
			name = Debug;
		};
		1328C7CA2C5E3A7B00C38052 /* Release */ = {
			isa = XCBuildConfiguration;
			buildSettings = {
				ASSETCATALOG_COMPILER_APPICON_NAME = AppIcon;
				ASSETCATALOG_COMPILER_GLOBAL_ACCENT_COLOR_NAME = AccentColor;
				CODE_SIGN_STYLE = Automatic;
				CURRENT_PROJECT_VERSION = 1;
				DEVELOPMENT_ASSET_PATHS = "\"DoIt/Preview Content\"";
				DEVELOPMENT_TEAM = Z7G8SGG9FZ;
				ENABLE_PREVIEWS = YES;
				GENERATE_INFOPLIST_FILE = YES;
				INFOPLIST_KEY_CFBundleDisplayName = "Do It";
				INFOPLIST_KEY_UIApplicationSceneManifest_Generation = YES;
				INFOPLIST_KEY_UIApplicationSupportsIndirectInputEvents = YES;
				INFOPLIST_KEY_UILaunchScreen_Generation = YES;
				INFOPLIST_KEY_UISupportedInterfaceOrientations = UIInterfaceOrientationPortrait;
				LD_RUNPATH_SEARCH_PATHS = (
					"$(inherited)",
					"@executable_path/Frameworks",
				);
				MARKETING_VERSION = 1.0;
				PRODUCT_BUNDLE_IDENTIFIER = bearyCode.DoIt;
				PRODUCT_NAME = "$(TARGET_NAME)";
				SWIFT_EMIT_LOC_STRINGS = YES;
				SWIFT_VERSION = 5.0;
				TARGETED_DEVICE_FAMILY = "1,2";
			};
			name = Release;
		};
/* End XCBuildConfiguration section */

/* Begin XCConfigurationList section */
		1328C7B52C5E3A7900C38052 /* Build configuration list for PBXProject "DoIt" */ = {
			isa = XCConfigurationList;
			buildConfigurations = (
				1328C7C62C5E3A7B00C38052 /* Debug */,
				1328C7C72C5E3A7B00C38052 /* Release */,
			);
			defaultConfigurationIsVisible = 0;
			defaultConfigurationName = Release;
		};
		1328C7C82C5E3A7B00C38052 /* Build configuration list for PBXNativeTarget "DoIt" */ = {
			isa = XCConfigurationList;
			buildConfigurations = (
				1328C7C92C5E3A7B00C38052 /* Debug */,
				1328C7CA2C5E3A7B00C38052 /* Release */,
			);
			defaultConfigurationIsVisible = 0;
			defaultConfigurationName = Release;
		};
/* End XCConfigurationList section */

/* Begin XCRemoteSwiftPackageReference section */
		1328C7CB2C5E3B8A00C38052 /* XCRemoteSwiftPackageReference "firebase-ios-sdk" */ = {
			isa = XCRemoteSwiftPackageReference;
			repositoryURL = "https://github.com/firebase/firebase-ios-sdk";
			requirement = {
				kind = upToNextMajorVersion;
				minimumVersion = 11.0.0;
			};
		};
/* End XCRemoteSwiftPackageReference section */

/* Begin XCSwiftPackageProductDependency section */
		1328C7CC2C5E3B8A00C38052 /* FirebaseAuth */ = {
			isa = XCSwiftPackageProductDependency;
			package = 1328C7CB2C5E3B8A00C38052 /* XCRemoteSwiftPackageReference "firebase-ios-sdk" */;
			productName = FirebaseAuth;
		};
		1328C7CE2C5E3B8A00C38052 /* FirebaseFirestore */ = {
			isa = XCSwiftPackageProductDependency;
			package = 1328C7CB2C5E3B8A00C38052 /* XCRemoteSwiftPackageReference "firebase-ios-sdk" */;
			productName = FirebaseFirestore;
		};
/* End XCSwiftPackageProductDependency section */
	};
	rootObject = 1328C7B22C5E3A7900C38052 /* Project object */;
}
